
Microsoft Visual Studio Solution File, Format Version 12.00
# Visual Studio Version 16
VisualStudioVersion = 16.0.29215.179
MinimumVisualStudioVersion = 10.0.40219.1
Project("{FAE04EC0-301F-11D3-BF4B-00C04F79EFBC}") = "Ohjelmointi2_VKO3_H3", "Ohjelmointi2_VKO3_H3\Ohjelmointi2_VKO3_H3.csproj", "{4AC9784A-6937-4F8E-832E-C78AE82799C5}"
EndProject
Global
	GlobalSection(SolutionConfigurationPlatforms) = preSolution
		Debug|Any CPU = Debug|Any CPU
		Release|Any CPU = Release|Any CPU
	EndGlobalSection
	GlobalSection(ProjectConfigurationPlatforms) = postSolution
		{4AC9784A-6937-4F8E-832E-C78AE82799C5}.Debug|Any CPU.ActiveCfg = Debug|Any CPU
		{4AC9784A-6937-4F8E-832E-C78AE82799C5}.Debug|Any CPU.Build.0 = Debug|Any CPU
		{4AC9784A-6937-4F8E-832E-C78AE82799C5}.Release|Any CPU.ActiveCfg = Release|Any CPU
		{4AC9784A-6937-4F8E-832E-C78AE82799C5}.Release|Any CPU.Build.0 = Release|Any CPU
	EndGlobalSection
	GlobalSection(SolutionProperties) = preSolution
		HideSolutionNode = FALSE
	EndGlobalSection
	GlobalSection(ExtensibilityGlobals) = postSolution
		SolutionGuid = {4195745C-AF23-4EF1-A65E-2E42EF48B92B}
	EndGlobalSection
EndGlobal
