
Microsoft Visual Studio Solution File, Format Version 12.00
# Visual Studio Version 16
VisualStudioVersion = 16.0.29215.179
MinimumVisualStudioVersion = 10.0.40219.1
Project("{FAE04EC0-301F-11D3-BF4B-00C04F79EFBC}") = "Ohjelmointi2_VKO2_T1", "Ohjelmointi2_VKO2_T1\Ohjelmointi2_VKO2_T1.csproj", "{A48BD534-0AA0-457E-B049-88C80C97E23F}"
EndProject
Global
	GlobalSection(SolutionConfigurationPlatforms) = preSolution
		Debug|Any CPU = Debug|Any CPU
		Release|Any CPU = Release|Any CPU
	EndGlobalSection
	GlobalSection(ProjectConfigurationPlatforms) = postSolution
		{A48BD534-0AA0-457E-B049-88C80C97E23F}.Debug|Any CPU.ActiveCfg = Debug|Any CPU
		{A48BD534-0AA0-457E-B049-88C80C97E23F}.Debug|Any CPU.Build.0 = Debug|Any CPU
		{A48BD534-0AA0-457E-B049-88C80C97E23F}.Release|Any CPU.ActiveCfg = Release|Any CPU
		{A48BD534-0AA0-457E-B049-88C80C97E23F}.Release|Any CPU.Build.0 = Release|Any CPU
	EndGlobalSection
	GlobalSection(SolutionProperties) = preSolution
		HideSolutionNode = FALSE
	EndGlobalSection
	GlobalSection(ExtensibilityGlobals) = postSolution
		SolutionGuid = {5420F0E7-FF11-4DAB-AEE4-0689D34EFD57}
	EndGlobalSection
EndGlobal
