
Microsoft Visual Studio Solution File, Format Version 12.00
# Visual Studio Version 16
VisualStudioVersion = 16.0.29215.179
MinimumVisualStudioVersion = 10.0.40219.1
Project("{FAE04EC0-301F-11D3-BF4B-00C04F79EFBC}") = "Ohjelmointi2_vko3_h4", "Ohjelmointi2_vko3_h4\Ohjelmointi2_vko3_h4.csproj", "{31C27810-73CA-4A03-A7D2-5D220E26B242}"
EndProject
Global
	GlobalSection(SolutionConfigurationPlatforms) = preSolution
		Debug|Any CPU = Debug|Any CPU
		Release|Any CPU = Release|Any CPU
	EndGlobalSection
	GlobalSection(ProjectConfigurationPlatforms) = postSolution
		{31C27810-73CA-4A03-A7D2-5D220E26B242}.Debug|Any CPU.ActiveCfg = Debug|Any CPU
		{31C27810-73CA-4A03-A7D2-5D220E26B242}.Debug|Any CPU.Build.0 = Debug|Any CPU
		{31C27810-73CA-4A03-A7D2-5D220E26B242}.Release|Any CPU.ActiveCfg = Release|Any CPU
		{31C27810-73CA-4A03-A7D2-5D220E26B242}.Release|Any CPU.Build.0 = Release|Any CPU
	EndGlobalSection
	GlobalSection(SolutionProperties) = preSolution
		HideSolutionNode = FALSE
	EndGlobalSection
	GlobalSection(ExtensibilityGlobals) = postSolution
		SolutionGuid = {945052DA-262B-438C-B910-B5A5B268533C}
	EndGlobalSection
EndGlobal
